{
  "name": "array-to-tree-benchmarks",
  "version": "1.0.0",
  "lockfileVersion": 1,
  "requires": true,
  "dependencies": {
    "@types/benchmark": {
      "version": "1.0.31",
      "resolved": "https://registry.npmjs.org/@types/benchmark/-/benchmark-1.0.31.tgz",
      "integrity": "sha512-F6fVNOkGEkSdo/19yWYOwVKGvzbTeWkR/XQYBKtGBQ9oGRjBN9f/L4aJI4sDcVPJO58Y1CJZN8va9V2BhrZapA=="
    },
    "@types/node": {
      "version": "12.7.1",
      "resolved": "https://registry.npmjs.org/@types/node/-/node-12.7.1.tgz",
      "integrity": "sha512-aK9jxMypeSrhiYofWWBf/T7O+KwaiAHzM4sveCdWPn71lzUSMimRnKzhXDKfKwV1kWoBo2P1aGgaIYGLf9/ljw=="
    },
    "array-to-tree": {
      "version": "3.3.0",
      "resolved": "https://registry.npmjs.org/array-to-tree/-/array-to-tree-3.3.0.tgz",
      "integrity": "sha512-Lpz5H8jMZxIDNDGV0BiIBdnRZnZuipgvKBaUQ3FS8WZZ6uUg4ieJ9oDH7J3kjuab0XT27vsGhEOuh7mVO03UEQ==",
      "requires": {
        "lodash.keyby": "^4.6.0",
        "nested-property": "^0.0.7"
      }
    },
    "benchmark": {
      "version": "2.1.4",
      "resolved": "https://registry.npmjs.org/benchmark/-/benchmark-2.1.4.tgz",
      "integrity": "sha1-CfPeMckWQl1JjMLuVloOvzwqVik=",
      "requires": {
        "lodash": "^4.17.4",
        "platform": "^1.3.3"
      }
    },
    "lodash": {
      "version": "4.17.15",
      "resolved": "https://registry.npmjs.org/lodash/-/lodash-4.17.15.tgz",
      "integrity": "sha512-8xOcRHvCjnocdS5cpwXQXVzmmh5e5+saE2QGoeQmbKmRS6J3VQppPOIt0MnmE+4xlZoumy0GPG0D0MVIQbNA1A=="
    },
    "lodash.keyby": {
      "version": "4.6.0",
      "resolved": "https://registry.npmjs.org/lodash.keyby/-/lodash.keyby-4.6.0.tgz",
      "integrity": "sha1-f2oavak/0k4icopNNh7YvLpaQ1Q="
    },
    "nested-property": {
      "version": "0.0.7",
      "resolved": "https://registry.npmjs.org/nested-property/-/nested-property-0.0.7.tgz",
      "integrity": "sha1-/yIvIzyoeTxoKLQRcJG+pZcTD08="
    },
    "o-unflatten": {
      "version": "1.1.0",
      "resolved": "https://registry.npmjs.org/o-unflatten/-/o-unflatten-1.1.0.tgz",
      "integrity": "sha1-GjNVRRMBtulVAyndEkS2ai4lYII="
    },
    "performant-array-to-tree": {
      "version": "1.1.4",
      "resolved": "https://registry.npmjs.org/performant-array-to-tree/-/performant-array-to-tree-1.1.4.tgz",
      "integrity": "sha512-VdQxR58SHHIgfbX6dKCTkFlgGOJmYF1lmZVaxao/lhfWiYWDJLifOZUkDVWbFv/g+AZIbFeCJI+90Y9oskamMQ=="
    },
    "platform": {
      "version": "1.3.5",
      "resolved": "https://registry.npmjs.org/platform/-/platform-1.3.5.tgz",
      "integrity": "sha512-TuvHS8AOIZNAlE77WUDiR4rySV/VMptyMfcfeoMgs4P8apaZM3JrnbzBiixKUv+XR6i+BXrQh8WAnjaSPFO65Q=="
    },
    "un-flatten-tree": {
      "version": "2.0.12",
      "resolved": "https://registry.npmjs.org/un-flatten-tree/-/un-flatten-tree-2.0.12.tgz",
      "integrity": "sha1-jZLsRUobfhrq2UjtApkH4cuantg="
    }
  }
}
